
Microsoft Visual Studio Solution File, Format Version 12.00
# Visual Studio Version 17
VisualStudioVersion = 17.7.34024.191
MinimumVisualStudioVersion = 10.0.40219.1
Project("{FAE04EC0-301F-11D3-BF4B-00C04F79EFBC}") = "WebFe", "WebFe.csproj", "{067279FA-8CE6-444F-964C-2F8F0D8E9DD5}"
EndProject
Global
	GlobalSection(SolutionConfigurationPlatforms) = preSolution
		Debug|Any CPU = Debug|Any CPU
		Release|Any CPU = Release|Any CPU
	EndGlobalSection
	GlobalSection(ProjectConfigurationPlatforms) = postSolution
		{067279FA-8CE6-444F-964C-2F8F0D8E9DD5}.Debug|Any CPU.ActiveCfg = Debug|Any CPU
		{067279FA-8CE6-444F-964C-2F8F0D8E9DD5}.Debug|Any CPU.Build.0 = Debug|Any CPU
		{067279FA-8CE6-444F-964C-2F8F0D8E9DD5}.Release|Any CPU.ActiveCfg = Release|Any CPU
		{067279FA-8CE6-444F-964C-2F8F0D8E9DD5}.Release|Any CPU.Build.0 = Release|Any CPU
	EndGlobalSection
	GlobalSection(SolutionProperties) = preSolution
		HideSolutionNode = FALSE
	EndGlobalSection
	GlobalSection(ExtensibilityGlobals) = postSolution
		SolutionGuid = {902B92BB-EB73-4311-A166-00F0BBEA1DAF}
	EndGlobalSection
EndGlobal
